
Microsoft Visual Studio Solution File, Format Version 12.00
# Visual Studio Version 17
VisualStudioVersion = 17.7.34221.43
MinimumVisualStudioVersion = 10.0.40219.1
Project("{FAE04EC0-301F-11D3-BF4B-00C04F79EFBC}") = "TestAPI", "TestAPI\TestAPI.csproj", "{7C794F43-62FB-43AD-8382-65AAB5743752}"
EndProject
Global
	GlobalSection(SolutionConfigurationPlatforms) = preSolution
		Debug|Any CPU = Debug|Any CPU
		Release|Any CPU = Release|Any CPU
	EndGlobalSection
	GlobalSection(ProjectConfigurationPlatforms) = postSolution
		{7C794F43-62FB-43AD-8382-65AAB5743752}.Debug|Any CPU.ActiveCfg = Debug|Any CPU
		{7C794F43-62FB-43AD-8382-65AAB5743752}.Debug|Any CPU.Build.0 = Debug|Any CPU
		{7C794F43-62FB-43AD-8382-65AAB5743752}.Release|Any CPU.ActiveCfg = Release|Any CPU
		{7C794F43-62FB-43AD-8382-65AAB5743752}.Release|Any CPU.Build.0 = Release|Any CPU
	EndGlobalSection
	GlobalSection(SolutionProperties) = preSolution
		HideSolutionNode = FALSE
	EndGlobalSection
	GlobalSection(ExtensibilityGlobals) = postSolution
		SolutionGuid = {4B18FA72-7F80-4C73-8A29-4F19F2D91564}
	EndGlobalSection
EndGlobal
